
Microsoft Visual Studio Solution File, Format Version 12.00
# Visual Studio Version 17
VisualStudioVersion = 17.0.31903.59
MinimumVisualStudioVersion = 10.0.40219.1
Project("{2150E333-8FDC-42A3-9474-1A3956D46DE8}") = "Services", "Services", "{40A417A5-F7E5-4A6E-9719-B5BCDE78A154}"
EndProject
Project("{2150E333-8FDC-42A3-9474-1A3956D46DE8}") = "Passenger", "Passenger", "{BFB1D8C9-E803-4899-9EA5-8037E1868174}"
EndProject
Project("{2150E333-8FDC-42A3-9474-1A3956D46DE8}") = "src", "src", "{6450B675-9AF4-477C-BF25-E5D507E86E9C}"
EndProject
Project("{FAE04EC0-301F-11D3-BF4B-00C04F79EFBC}") = "Passenger.Api", "Services\Passenger\src\Passenger.Api\Passenger.Api.csproj", "{BBA1E776-3A22-42D7-B394-6662CEFFA036}"
EndProject
Project("{FAE04EC0-301F-11D3-BF4B-00C04F79EFBC}") = "Passenger", "Services\Passenger\src\Passenger\Passenger.csproj", "{9EA1A3A0-25E6-49FD-91AE-333F9CCD4BB2}"
EndProject
Project("{2150E333-8FDC-42A3-9474-1A3956D46DE8}") = "Identity", "Identity", "{416D318D-F21D-4CB7-9A90-C7134CA79423}"
EndProject
Project("{2150E333-8FDC-42A3-9474-1A3956D46DE8}") = "src", "src", "{713BCE58-23F7-496D-9914-C864FDD41E24}"
EndProject
Project("{FAE04EC0-301F-11D3-BF4B-00C04F79EFBC}") = "Identity.Api", "Services\Identity\src\Identity.Api\Identity.Api.csproj", "{D8060FB0-A178-4A8E-B963-D138A09CB5D3}"
EndProject
Project("{FAE04EC0-301F-11D3-BF4B-00C04F79EFBC}") = "Identity", "Services\Identity\src\Identity\Identity.csproj", "{EA195BC9-9225-42E0-865D-0198F8E96189}"
EndProject
Project("{2150E333-8FDC-42A3-9474-1A3956D46DE8}") = "Flight", "Flight", "{B5156E60-D615-4D7A-AAAA-112FD7DD41B8}"
EndProject
Project("{2150E333-8FDC-42A3-9474-1A3956D46DE8}") = "src", "src", "{33814D40-37B0-4CAD-B672-845BD62D729B}"
EndProject
Project("{FAE04EC0-301F-11D3-BF4B-00C04F79EFBC}") = "Flight.Api", "Services\Flight\src\Flight.Api\Flight.Api.csproj", "{9E0E0FDD-D977-458F-9720-5C28EF15AC9D}"
EndProject
Project("{FAE04EC0-301F-11D3-BF4B-00C04F79EFBC}") = "Flight", "Services\Flight\src\Flight\Flight.csproj", "{3F86D04E-DC37-4038-9FED-8A6F6FA715E1}"
EndProject
Project("{2150E333-8FDC-42A3-9474-1A3956D46DE8}") = "Booking", "Booking", "{2FA954FD-5F24-4F67-9B7B-31B8CC18B89E}"
EndProject
Project("{2150E333-8FDC-42A3-9474-1A3956D46DE8}") = "src", "src", "{1ED55866-EBFD-429F-B2FF-82D818BF4D91}"
EndProject
Project("{FAE04EC0-301F-11D3-BF4B-00C04F79EFBC}") = "Booking.Api", "Services\Booking\src\Booking.Api\Booking.Api.csproj", "{0CDAD0F3-D4D3-48C8-883F-062BC890CF9A}"
EndProject
Project("{FAE04EC0-301F-11D3-BF4B-00C04F79EFBC}") = "Booking", "Services\Booking\src\Booking\Booking.csproj", "{49DD532F-D719-4C79-AF6A-3D3720CD937D}"
EndProject
Project("{FAE04EC0-301F-11D3-BF4B-00C04F79EFBC}") = "BuldingBlock", "BuldingBlock\BuldingBlock.csproj", "{8F483648-4F69-4667-BF7D-0110A5DAE037}"
EndProject
Project("{2150E333-8FDC-42A3-9474-1A3956D46DE8}") = "ApiGateway", "ApiGateway", "{C3FBBA4C-3EE2-47BB-BB3B-722BBAC2BF62}"
EndProject
Project("{FAE04EC0-301F-11D3-BF4B-00C04F79EFBC}") = "ApiGateway", "ApiGateway\src\ApiGateway.csproj", "{EE3D02C6-5C11-43D1-8E93-7A20480E9265}"
EndProject
Global
	GlobalSection(SolutionConfigurationPlatforms) = preSolution
		Debug|Any CPU = Debug|Any CPU
		Release|Any CPU = Release|Any CPU
	EndGlobalSection
	GlobalSection(SolutionProperties) = preSolution
		HideSolutionNode = FALSE
	EndGlobalSection
	GlobalSection(ProjectConfigurationPlatforms) = postSolution
		{BBA1E776-3A22-42D7-B394-6662CEFFA036}.Debug|Any CPU.ActiveCfg = Debug|Any CPU
		{BBA1E776-3A22-42D7-B394-6662CEFFA036}.Debug|Any CPU.Build.0 = Debug|Any CPU
		{BBA1E776-3A22-42D7-B394-6662CEFFA036}.Release|Any CPU.ActiveCfg = Release|Any CPU
		{BBA1E776-3A22-42D7-B394-6662CEFFA036}.Release|Any CPU.Build.0 = Release|Any CPU
		{9EA1A3A0-25E6-49FD-91AE-333F9CCD4BB2}.Debug|Any CPU.ActiveCfg = Debug|Any CPU
		{9EA1A3A0-25E6-49FD-91AE-333F9CCD4BB2}.Debug|Any CPU.Build.0 = Debug|Any CPU
		{9EA1A3A0-25E6-49FD-91AE-333F9CCD4BB2}.Release|Any CPU.ActiveCfg = Release|Any CPU
		{9EA1A3A0-25E6-49FD-91AE-333F9CCD4BB2}.Release|Any CPU.Build.0 = Release|Any CPU
		{D8060FB0-A178-4A8E-B963-D138A09CB5D3}.Debug|Any CPU.ActiveCfg = Debug|Any CPU
		{D8060FB0-A178-4A8E-B963-D138A09CB5D3}.Debug|Any CPU.Build.0 = Debug|Any CPU
		{D8060FB0-A178-4A8E-B963-D138A09CB5D3}.Release|Any CPU.ActiveCfg = Release|Any CPU
		{D8060FB0-A178-4A8E-B963-D138A09CB5D3}.Release|Any CPU.Build.0 = Release|Any CPU
		{EA195BC9-9225-42E0-865D-0198F8E96189}.Debug|Any CPU.ActiveCfg = Debug|Any CPU
		{EA195BC9-9225-42E0-865D-0198F8E96189}.Debug|Any CPU.Build.0 = Debug|Any CPU
		{EA195BC9-9225-42E0-865D-0198F8E96189}.Release|Any CPU.ActiveCfg = Release|Any CPU
		{EA195BC9-9225-42E0-865D-0198F8E96189}.Release|Any CPU.Build.0 = Release|Any CPU
		{9E0E0FDD-D977-458F-9720-5C28EF15AC9D}.Debug|Any CPU.ActiveCfg = Debug|Any CPU
		{9E0E0FDD-D977-458F-9720-5C28EF15AC9D}.Debug|Any CPU.Build.0 = Debug|Any CPU
		{9E0E0FDD-D977-458F-9720-5C28EF15AC9D}.Release|Any CPU.ActiveCfg = Release|Any CPU
		{9E0E0FDD-D977-458F-9720-5C28EF15AC9D}.Release|Any CPU.Build.0 = Release|Any CPU
		{3F86D04E-DC37-4038-9FED-8A6F6FA715E1}.Debug|Any CPU.ActiveCfg = Debug|Any CPU
		{3F86D04E-DC37-4038-9FED-8A6F6FA715E1}.Debug|Any CPU.Build.0 = Debug|Any CPU
		{3F86D04E-DC37-4038-9FED-8A6F6FA715E1}.Release|Any CPU.ActiveCfg = Release|Any CPU
		{3F86D04E-DC37-4038-9FED-8A6F6FA715E1}.Release|Any CPU.Build.0 = Release|Any CPU
		{0CDAD0F3-D4D3-48C8-883F-062BC890CF9A}.Debug|Any CPU.ActiveCfg = Debug|Any CPU
		{0CDAD0F3-D4D3-48C8-883F-062BC890CF9A}.Debug|Any CPU.Build.0 = Debug|Any CPU
		{0CDAD0F3-D4D3-48C8-883F-062BC890CF9A}.Release|Any CPU.ActiveCfg = Release|Any CPU
		{0CDAD0F3-D4D3-48C8-883F-062BC890CF9A}.Release|Any CPU.Build.0 = Release|Any CPU
		{49DD532F-D719-4C79-AF6A-3D3720CD937D}.Debug|Any CPU.ActiveCfg = Debug|Any CPU
		{49DD532F-D719-4C79-AF6A-3D3720CD937D}.Debug|Any CPU.Build.0 = Debug|Any CPU
		{49DD532F-D719-4C79-AF6A-3D3720CD937D}.Release|Any CPU.ActiveCfg = Release|Any CPU
		{49DD532F-D719-4C79-AF6A-3D3720CD937D}.Release|Any CPU.Build.0 = Release|Any CPU
		{8F483648-4F69-4667-BF7D-0110A5DAE037}.Debug|Any CPU.ActiveCfg = Debug|Any CPU
		{8F483648-4F69-4667-BF7D-0110A5DAE037}.Debug|Any CPU.Build.0 = Debug|Any CPU
		{8F483648-4F69-4667-BF7D-0110A5DAE037}.Release|Any CPU.ActiveCfg = Release|Any CPU
		{8F483648-4F69-4667-BF7D-0110A5DAE037}.Release|Any CPU.Build.0 = Release|Any CPU
		{EE3D02C6-5C11-43D1-8E93-7A20480E9265}.Debug|Any CPU.ActiveCfg = Debug|Any CPU
		{EE3D02C6-5C11-43D1-8E93-7A20480E9265}.Debug|Any CPU.Build.0 = Debug|Any CPU
		{EE3D02C6-5C11-43D1-8E93-7A20480E9265}.Release|Any CPU.ActiveCfg = Release|Any CPU
		{EE3D02C6-5C11-43D1-8E93-7A20480E9265}.Release|Any CPU.Build.0 = Release|Any CPU
	EndGlobalSection
	GlobalSection(NestedProjects) = preSolution
		{BFB1D8C9-E803-4899-9EA5-8037E1868174} = {40A417A5-F7E5-4A6E-9719-B5BCDE78A154}
		{6450B675-9AF4-477C-BF25-E5D507E86E9C} = {BFB1D8C9-E803-4899-9EA5-8037E1868174}
		{BBA1E776-3A22-42D7-B394-6662CEFFA036} = {6450B675-9AF4-477C-BF25-E5D507E86E9C}
		{9EA1A3A0-25E6-49FD-91AE-333F9CCD4BB2} = {6450B675-9AF4-477C-BF25-E5D507E86E9C}
		{416D318D-F21D-4CB7-9A90-C7134CA79423} = {40A417A5-F7E5-4A6E-9719-B5BCDE78A154}
		{713BCE58-23F7-496D-9914-C864FDD41E24} = {416D318D-F21D-4CB7-9A90-C7134CA79423}
		{D8060FB0-A178-4A8E-B963-D138A09CB5D3} = {713BCE58-23F7-496D-9914-C864FDD41E24}
		{EA195BC9-9225-42E0-865D-0198F8E96189} = {713BCE58-23F7-496D-9914-C864FDD41E24}
		{B5156E60-D615-4D7A-AAAA-112FD7DD41B8} = {40A417A5-F7E5-4A6E-9719-B5BCDE78A154}
		{33814D40-37B0-4CAD-B672-845BD62D729B} = {B5156E60-D615-4D7A-AAAA-112FD7DD41B8}
		{9E0E0FDD-D977-458F-9720-5C28EF15AC9D} = {33814D40-37B0-4CAD-B672-845BD62D729B}
		{3F86D04E-DC37-4038-9FED-8A6F6FA715E1} = {33814D40-37B0-4CAD-B672-845BD62D729B}
		{2FA954FD-5F24-4F67-9B7B-31B8CC18B89E} = {40A417A5-F7E5-4A6E-9719-B5BCDE78A154}
		{1ED55866-EBFD-429F-B2FF-82D818BF4D91} = {2FA954FD-5F24-4F67-9B7B-31B8CC18B89E}
		{0CDAD0F3-D4D3-48C8-883F-062BC890CF9A} = {1ED55866-EBFD-429F-B2FF-82D818BF4D91}
		{49DD532F-D719-4C79-AF6A-3D3720CD937D} = {1ED55866-EBFD-429F-B2FF-82D818BF4D91}
		{EE3D02C6-5C11-43D1-8E93-7A20480E9265} = {C3FBBA4C-3EE2-47BB-BB3B-722BBAC2BF62}
	EndGlobalSection
EndGlobal
